{
  "object": {
    "pins": [
      {
        "package": "Currency",
        "repositoryURL": "https://github.com/rzeszot/swift-currency.git",
        "state": {
          "branch": null,
          "revision": "a09377a99015d67a35ddfebe134837029eb90ee8",
          "version": "1.0.3"
        }
      }
    ]
  },
  "version": 1
}
