{
  "object": {
    "pins": [
      {
        "package": "Currency",
        "repositoryURL": "https://github.com/rzeszot/swift-currency.git",
        "state": {
          "branch": "main",
          "revision": "955f30c9ed029e8af01961b2a724d76e726bf1b1",
          "version": null
        }
      }
    ]
  },
  "version": 1
}
