{
  "object": {
    "pins": [
      {
        "package": "Currency",
        "repositoryURL": "https://github.com/rzeszot/swift-currency.git",
        "state": {
          "branch": null,
          "revision": "5f0f2aab650756100e3d8cfc5daef249b3d2f96d",
          "version": "2.0.1"
        }
      }
    ]
  },
  "version": 1
}
